
Microsoft Visual Studio Solution File, Format Version 12.00
# Visual Studio Version 16
VisualStudioVersion = 16.0.31205.134
MinimumVisualStudioVersion = 10.0.40219.1
Project("{FAE04EC0-301F-11D3-BF4B-00C04F79EFBC}") = "MetricConverter.API", "MetricConverter.API\MetricConverter.API.csproj", "{DB66EF32-8F5A-4746-A76F-9181F6F2B334}"
EndProject
Project("{FAE04EC0-301F-11D3-BF4B-00C04F79EFBC}") = "MetricConverter.Core", "MetricConverter.Core\MetricConverter.Core.csproj", "{C4464C35-5F2B-48C4-B605-3C23588BADA8}"
EndProject
Project("{FAE04EC0-301F-11D3-BF4B-00C04F79EFBC}") = "MetricConverter.Infrastructure", "MetricConverter.Infrastructure\MetricConverter.Infrastructure.csproj", "{2BAB0982-C489-4938-9372-E07DAD411DE0}"
EndProject
Project("{FAE04EC0-301F-11D3-BF4B-00C04F79EFBC}") = "MetricConverter.Model", "MetricConverter.Model\MetricConverter.Model.csproj", "{6F33D3C7-B379-4CDC-B68F-D5E57F0FF271}"
EndProject
Project("{FAE04EC0-301F-11D3-BF4B-00C04F79EFBC}") = "MetricConverter.Ulitilities", "MetricConverter.Ulitilities\MetricConverter.Ulitilities.csproj", "{EE6726CA-B912-4EFE-8D28-D4DFBC118548}"
EndProject
Global
	GlobalSection(SolutionConfigurationPlatforms) = preSolution
		Debug|Any CPU = Debug|Any CPU
		Release|Any CPU = Release|Any CPU
	EndGlobalSection
	GlobalSection(ProjectConfigurationPlatforms) = postSolution
		{DB66EF32-8F5A-4746-A76F-9181F6F2B334}.Debug|Any CPU.ActiveCfg = Debug|Any CPU
		{DB66EF32-8F5A-4746-A76F-9181F6F2B334}.Debug|Any CPU.Build.0 = Debug|Any CPU
		{DB66EF32-8F5A-4746-A76F-9181F6F2B334}.Release|Any CPU.ActiveCfg = Release|Any CPU
		{DB66EF32-8F5A-4746-A76F-9181F6F2B334}.Release|Any CPU.Build.0 = Release|Any CPU
		{C4464C35-5F2B-48C4-B605-3C23588BADA8}.Debug|Any CPU.ActiveCfg = Debug|Any CPU
		{C4464C35-5F2B-48C4-B605-3C23588BADA8}.Debug|Any CPU.Build.0 = Debug|Any CPU
		{C4464C35-5F2B-48C4-B605-3C23588BADA8}.Release|Any CPU.ActiveCfg = Release|Any CPU
		{C4464C35-5F2B-48C4-B605-3C23588BADA8}.Release|Any CPU.Build.0 = Release|Any CPU
		{2BAB0982-C489-4938-9372-E07DAD411DE0}.Debug|Any CPU.ActiveCfg = Debug|Any CPU
		{2BAB0982-C489-4938-9372-E07DAD411DE0}.Debug|Any CPU.Build.0 = Debug|Any CPU
		{2BAB0982-C489-4938-9372-E07DAD411DE0}.Release|Any CPU.ActiveCfg = Release|Any CPU
		{2BAB0982-C489-4938-9372-E07DAD411DE0}.Release|Any CPU.Build.0 = Release|Any CPU
		{6F33D3C7-B379-4CDC-B68F-D5E57F0FF271}.Debug|Any CPU.ActiveCfg = Debug|Any CPU
		{6F33D3C7-B379-4CDC-B68F-D5E57F0FF271}.Debug|Any CPU.Build.0 = Debug|Any CPU
		{6F33D3C7-B379-4CDC-B68F-D5E57F0FF271}.Release|Any CPU.ActiveCfg = Release|Any CPU
		{6F33D3C7-B379-4CDC-B68F-D5E57F0FF271}.Release|Any CPU.Build.0 = Release|Any CPU
		{EE6726CA-B912-4EFE-8D28-D4DFBC118548}.Debug|Any CPU.ActiveCfg = Debug|Any CPU
		{EE6726CA-B912-4EFE-8D28-D4DFBC118548}.Debug|Any CPU.Build.0 = Debug|Any CPU
		{EE6726CA-B912-4EFE-8D28-D4DFBC118548}.Release|Any CPU.ActiveCfg = Release|Any CPU
		{EE6726CA-B912-4EFE-8D28-D4DFBC118548}.Release|Any CPU.Build.0 = Release|Any CPU
	EndGlobalSection
	GlobalSection(SolutionProperties) = preSolution
		HideSolutionNode = FALSE
	EndGlobalSection
	GlobalSection(ExtensibilityGlobals) = postSolution
		SolutionGuid = {BB13A8B3-B4DD-4E84-8787-FC20F9F65D37}
	EndGlobalSection
EndGlobal
